
Microsoft Visual Studio Solution File, Format Version 12.00
# Visual Studio 2012
Project("{F184B08F-C81C-45F6-A57F-5ABD9991F28F}") = "ADAdminConsole", "ADAdminConsole.vbproj", "{D50D4A1A-96E6-4B80-92C2-8022F5B5FF90}"
EndProject
Project("{6141683F-8A12-4E36-9623-2EB02B2C2303}") = "ADAdminConsole2017", "..\ADAdminConsole2017\ADAdminConsole2017.isproj", "{FB26CD3F-23A5-4CB8-BBAB-4D6B180A1AA8}"
	ProjectSection(ProjectDependencies) = postProject
		{D50D4A1A-96E6-4B80-92C2-8022F5B5FF90} = {D50D4A1A-96E6-4B80-92C2-8022F5B5FF90}
	EndProjectSection
EndProject
Project("{6141683F-8A12-4E36-9623-2EB02B2C2303}") = "ADADminConsolInstallation", "ADADminConsolInstallation\ADADminConsolInstallation.isproj", "{EE5347BF-1242-4243-87BF-6F72B547F1E0}"
	ProjectSection(ProjectDependencies) = postProject
		{D50D4A1A-96E6-4B80-92C2-8022F5B5FF90} = {D50D4A1A-96E6-4B80-92C2-8022F5B5FF90}
	EndProjectSection
EndProject
Global
	GlobalSection(SolutionConfigurationPlatforms) = preSolution
		CD_ROM|Any CPU = CD_ROM|Any CPU
		CD_ROM|x64 = CD_ROM|x64
		CD_ROM|x86 = CD_ROM|x86
		Debug|Any CPU = Debug|Any CPU
		Debug|x64 = Debug|x64
		Debug|x86 = Debug|x86
		DVD-5|Any CPU = DVD-5|Any CPU
		DVD-5|x64 = DVD-5|x64
		DVD-5|x86 = DVD-5|x86
		Release|Any CPU = Release|Any CPU
		Release|x64 = Release|x64
		Release|x86 = Release|x86
		SingleImage|Any CPU = SingleImage|Any CPU
		SingleImage|x64 = SingleImage|x64
		SingleImage|x86 = SingleImage|x86
	EndGlobalSection
	GlobalSection(ProjectConfigurationPlatforms) = postSolution
		{D50D4A1A-96E6-4B80-92C2-8022F5B5FF90}.CD_ROM|Any CPU.ActiveCfg = Debug|Any CPU
		{D50D4A1A-96E6-4B80-92C2-8022F5B5FF90}.CD_ROM|Any CPU.Build.0 = Debug|Any CPU
		{D50D4A1A-96E6-4B80-92C2-8022F5B5FF90}.CD_ROM|x64.ActiveCfg = Release|x64
		{D50D4A1A-96E6-4B80-92C2-8022F5B5FF90}.CD_ROM|x64.Build.0 = Release|x64
		{D50D4A1A-96E6-4B80-92C2-8022F5B5FF90}.CD_ROM|x86.ActiveCfg = Release|x86
		{D50D4A1A-96E6-4B80-92C2-8022F5B5FF90}.CD_ROM|x86.Build.0 = Release|x86
		{D50D4A1A-96E6-4B80-92C2-8022F5B5FF90}.Debug|Any CPU.ActiveCfg = Debug|x86
		{D50D4A1A-96E6-4B80-92C2-8022F5B5FF90}.Debug|Any CPU.Build.0 = Debug|x86
		{D50D4A1A-96E6-4B80-92C2-8022F5B5FF90}.Debug|x64.ActiveCfg = Debug|x64
		{D50D4A1A-96E6-4B80-92C2-8022F5B5FF90}.Debug|x64.Build.0 = Debug|x64
		{D50D4A1A-96E6-4B80-92C2-8022F5B5FF90}.Debug|x86.ActiveCfg = Debug|x86
		{D50D4A1A-96E6-4B80-92C2-8022F5B5FF90}.Debug|x86.Build.0 = Debug|x86
		{D50D4A1A-96E6-4B80-92C2-8022F5B5FF90}.DVD-5|Any CPU.ActiveCfg = Debug|Any CPU
		{D50D4A1A-96E6-4B80-92C2-8022F5B5FF90}.DVD-5|Any CPU.Build.0 = Debug|Any CPU
		{D50D4A1A-96E6-4B80-92C2-8022F5B5FF90}.DVD-5|x64.ActiveCfg = Debug|x64
		{D50D4A1A-96E6-4B80-92C2-8022F5B5FF90}.DVD-5|x64.Build.0 = Debug|x64
		{D50D4A1A-96E6-4B80-92C2-8022F5B5FF90}.DVD-5|x86.ActiveCfg = Debug|x86
		{D50D4A1A-96E6-4B80-92C2-8022F5B5FF90}.DVD-5|x86.Build.0 = Debug|x86
		{D50D4A1A-96E6-4B80-92C2-8022F5B5FF90}.Release|Any CPU.ActiveCfg = Release|Any CPU
		{D50D4A1A-96E6-4B80-92C2-8022F5B5FF90}.Release|Any CPU.Build.0 = Release|Any CPU
		{D50D4A1A-96E6-4B80-92C2-8022F5B5FF90}.Release|x64.ActiveCfg = Release|x64
		{D50D4A1A-96E6-4B80-92C2-8022F5B5FF90}.Release|x64.Build.0 = Release|x64
		{D50D4A1A-96E6-4B80-92C2-8022F5B5FF90}.Release|x86.ActiveCfg = Release|x86
		{D50D4A1A-96E6-4B80-92C2-8022F5B5FF90}.Release|x86.Build.0 = Release|x86
		{D50D4A1A-96E6-4B80-92C2-8022F5B5FF90}.SingleImage|Any CPU.ActiveCfg = Debug|Any CPU
		{D50D4A1A-96E6-4B80-92C2-8022F5B5FF90}.SingleImage|Any CPU.Build.0 = Debug|Any CPU
		{D50D4A1A-96E6-4B80-92C2-8022F5B5FF90}.SingleImage|x64.ActiveCfg = Release|x64
		{D50D4A1A-96E6-4B80-92C2-8022F5B5FF90}.SingleImage|x64.Build.0 = Release|x64
		{D50D4A1A-96E6-4B80-92C2-8022F5B5FF90}.SingleImage|x86.ActiveCfg = Release|x86
		{D50D4A1A-96E6-4B80-92C2-8022F5B5FF90}.SingleImage|x86.Build.0 = Release|x86
		{FB26CD3F-23A5-4CB8-BBAB-4D6B180A1AA8}.CD_ROM|Any CPU.ActiveCfg = CD_ROM
		{FB26CD3F-23A5-4CB8-BBAB-4D6B180A1AA8}.CD_ROM|Any CPU.Build.0 = CD_ROM
		{FB26CD3F-23A5-4CB8-BBAB-4D6B180A1AA8}.CD_ROM|x64.ActiveCfg = CD_ROM
		{FB26CD3F-23A5-4CB8-BBAB-4D6B180A1AA8}.CD_ROM|x64.Build.0 = CD_ROM
		{FB26CD3F-23A5-4CB8-BBAB-4D6B180A1AA8}.CD_ROM|x86.ActiveCfg = CD_ROM
		{FB26CD3F-23A5-4CB8-BBAB-4D6B180A1AA8}.CD_ROM|x86.Build.0 = CD_ROM
		{FB26CD3F-23A5-4CB8-BBAB-4D6B180A1AA8}.Debug|Any CPU.ActiveCfg = SingleImage
		{FB26CD3F-23A5-4CB8-BBAB-4D6B180A1AA8}.Debug|Any CPU.Build.0 = SingleImage
		{FB26CD3F-23A5-4CB8-BBAB-4D6B180A1AA8}.Debug|x64.ActiveCfg = DVD-5
		{FB26CD3F-23A5-4CB8-BBAB-4D6B180A1AA8}.Debug|x64.Build.0 = DVD-5
		{FB26CD3F-23A5-4CB8-BBAB-4D6B180A1AA8}.Debug|x86.ActiveCfg = DVD-5
		{FB26CD3F-23A5-4CB8-BBAB-4D6B180A1AA8}.Debug|x86.Build.0 = DVD-5
		{FB26CD3F-23A5-4CB8-BBAB-4D6B180A1AA8}.DVD-5|Any CPU.ActiveCfg = DVD-5
		{FB26CD3F-23A5-4CB8-BBAB-4D6B180A1AA8}.DVD-5|Any CPU.Build.0 = DVD-5
		{FB26CD3F-23A5-4CB8-BBAB-4D6B180A1AA8}.DVD-5|x64.ActiveCfg = DVD-5
		{FB26CD3F-23A5-4CB8-BBAB-4D6B180A1AA8}.DVD-5|x64.Build.0 = DVD-5
		{FB26CD3F-23A5-4CB8-BBAB-4D6B180A1AA8}.DVD-5|x86.ActiveCfg = DVD-5
		{FB26CD3F-23A5-4CB8-BBAB-4D6B180A1AA8}.DVD-5|x86.Build.0 = DVD-5
		{FB26CD3F-23A5-4CB8-BBAB-4D6B180A1AA8}.Release|Any CPU.ActiveCfg = SingleImage
		{FB26CD3F-23A5-4CB8-BBAB-4D6B180A1AA8}.Release|Any CPU.Build.0 = SingleImage
		{FB26CD3F-23A5-4CB8-BBAB-4D6B180A1AA8}.Release|x64.ActiveCfg = SingleImage
		{FB26CD3F-23A5-4CB8-BBAB-4D6B180A1AA8}.Release|x64.Build.0 = SingleImage
		{FB26CD3F-23A5-4CB8-BBAB-4D6B180A1AA8}.Release|x86.ActiveCfg = SingleImage
		{FB26CD3F-23A5-4CB8-BBAB-4D6B180A1AA8}.Release|x86.Build.0 = SingleImage
		{FB26CD3F-23A5-4CB8-BBAB-4D6B180A1AA8}.SingleImage|Any CPU.ActiveCfg = SingleImage
		{FB26CD3F-23A5-4CB8-BBAB-4D6B180A1AA8}.SingleImage|Any CPU.Build.0 = SingleImage
		{FB26CD3F-23A5-4CB8-BBAB-4D6B180A1AA8}.SingleImage|x64.ActiveCfg = SingleImage
		{FB26CD3F-23A5-4CB8-BBAB-4D6B180A1AA8}.SingleImage|x64.Build.0 = SingleImage
		{FB26CD3F-23A5-4CB8-BBAB-4D6B180A1AA8}.SingleImage|x86.ActiveCfg = SingleImage
		{FB26CD3F-23A5-4CB8-BBAB-4D6B180A1AA8}.SingleImage|x86.Build.0 = SingleImage
		{EE5347BF-1242-4243-87BF-6F72B547F1E0}.CD_ROM|Any CPU.ActiveCfg = CD_ROM
		{EE5347BF-1242-4243-87BF-6F72B547F1E0}.CD_ROM|Any CPU.Build.0 = CD_ROM
		{EE5347BF-1242-4243-87BF-6F72B547F1E0}.CD_ROM|x64.ActiveCfg = CD_ROM
		{EE5347BF-1242-4243-87BF-6F72B547F1E0}.CD_ROM|x64.Build.0 = CD_ROM
		{EE5347BF-1242-4243-87BF-6F72B547F1E0}.CD_ROM|x86.ActiveCfg = CD_ROM
		{EE5347BF-1242-4243-87BF-6F72B547F1E0}.CD_ROM|x86.Build.0 = CD_ROM
		{EE5347BF-1242-4243-87BF-6F72B547F1E0}.Debug|Any CPU.ActiveCfg = SingleImage
		{EE5347BF-1242-4243-87BF-6F72B547F1E0}.Debug|Any CPU.Build.0 = SingleImage
		{EE5347BF-1242-4243-87BF-6F72B547F1E0}.Debug|x64.ActiveCfg = DVD-5
		{EE5347BF-1242-4243-87BF-6F72B547F1E0}.Debug|x64.Build.0 = DVD-5
		{EE5347BF-1242-4243-87BF-6F72B547F1E0}.Debug|x86.ActiveCfg = DVD-5
		{EE5347BF-1242-4243-87BF-6F72B547F1E0}.Debug|x86.Build.0 = DVD-5
		{EE5347BF-1242-4243-87BF-6F72B547F1E0}.DVD-5|Any CPU.ActiveCfg = DVD-5
		{EE5347BF-1242-4243-87BF-6F72B547F1E0}.DVD-5|Any CPU.Build.0 = DVD-5
		{EE5347BF-1242-4243-87BF-6F72B547F1E0}.DVD-5|x64.ActiveCfg = DVD-5
		{EE5347BF-1242-4243-87BF-6F72B547F1E0}.DVD-5|x64.Build.0 = DVD-5
		{EE5347BF-1242-4243-87BF-6F72B547F1E0}.DVD-5|x86.ActiveCfg = DVD-5
		{EE5347BF-1242-4243-87BF-6F72B547F1E0}.DVD-5|x86.Build.0 = DVD-5
		{EE5347BF-1242-4243-87BF-6F72B547F1E0}.Release|Any CPU.ActiveCfg = SingleImage
		{EE5347BF-1242-4243-87BF-6F72B547F1E0}.Release|Any CPU.Build.0 = SingleImage
		{EE5347BF-1242-4243-87BF-6F72B547F1E0}.Release|x64.ActiveCfg = SingleImage
		{EE5347BF-1242-4243-87BF-6F72B547F1E0}.Release|x64.Build.0 = SingleImage
		{EE5347BF-1242-4243-87BF-6F72B547F1E0}.Release|x86.ActiveCfg = SingleImage
		{EE5347BF-1242-4243-87BF-6F72B547F1E0}.Release|x86.Build.0 = SingleImage
		{EE5347BF-1242-4243-87BF-6F72B547F1E0}.SingleImage|Any CPU.ActiveCfg = SingleImage
		{EE5347BF-1242-4243-87BF-6F72B547F1E0}.SingleImage|Any CPU.Build.0 = SingleImage
		{EE5347BF-1242-4243-87BF-6F72B547F1E0}.SingleImage|x64.ActiveCfg = SingleImage
		{EE5347BF-1242-4243-87BF-6F72B547F1E0}.SingleImage|x64.Build.0 = SingleImage
		{EE5347BF-1242-4243-87BF-6F72B547F1E0}.SingleImage|x86.ActiveCfg = SingleImage
		{EE5347BF-1242-4243-87BF-6F72B547F1E0}.SingleImage|x86.Build.0 = SingleImage
	EndGlobalSection
	GlobalSection(SolutionProperties) = preSolution
		HideSolutionNode = FALSE
	EndGlobalSection
EndGlobal
