
Microsoft Visual Studio Solution File, Format Version 10.00
# Visual Studio 2008
Project("{FAE04EC0-301F-11D3-BF4B-00C04F79EFBC}") = "DynamicTypeDescriptor", "DynamicTypeDescriptor\DynamicTypeDescriptor.csproj", "{50A12605-C2C1-4161-8DFC-6BA9C837C45F}"
EndProject
Project("{FAE04EC0-301F-11D3-BF4B-00C04F79EFBC}") = "DynamicTypeDescriptorApp", "DynamicTypeDescriptorApp\DynamicTypeDescriptorApp.csproj", "{FA37E8C7-EA48-4B3B-AD9B-1C6FC81206BB}"
EndProject
Global
	GlobalSection(SolutionConfigurationPlatforms) = preSolution
		Debug|Any CPU = Debug|Any CPU
		Release|Any CPU = Release|Any CPU
	EndGlobalSection
	GlobalSection(ProjectConfigurationPlatforms) = postSolution
		{50A12605-C2C1-4161-8DFC-6BA9C837C45F}.Debug|Any CPU.ActiveCfg = Debug|Any CPU
		{50A12605-C2C1-4161-8DFC-6BA9C837C45F}.Debug|Any CPU.Build.0 = Debug|Any CPU
		{50A12605-C2C1-4161-8DFC-6BA9C837C45F}.Release|Any CPU.ActiveCfg = Release|Any CPU
		{50A12605-C2C1-4161-8DFC-6BA9C837C45F}.Release|Any CPU.Build.0 = Release|Any CPU
		{FA37E8C7-EA48-4B3B-AD9B-1C6FC81206BB}.Debug|Any CPU.ActiveCfg = Debug|Any CPU
		{FA37E8C7-EA48-4B3B-AD9B-1C6FC81206BB}.Debug|Any CPU.Build.0 = Debug|Any CPU
		{FA37E8C7-EA48-4B3B-AD9B-1C6FC81206BB}.Release|Any CPU.ActiveCfg = Release|Any CPU
		{FA37E8C7-EA48-4B3B-AD9B-1C6FC81206BB}.Release|Any CPU.Build.0 = Release|Any CPU
	EndGlobalSection
	GlobalSection(SolutionProperties) = preSolution
		HideSolutionNode = FALSE
	EndGlobalSection
EndGlobal
