
Microsoft Visual Studio Solution File, Format Version 11.00
# Visual Studio 2010
# SharpDevelop 4.0.0.7070
Project("{FAE04EC0-301F-11D3-BF4B-00C04F79EFBC}") = "ADS7", "ADS7.csproj", "{4CABB052-3277-491D-88AD-B77B87280621}"
EndProject
Project("{F184B08F-C81C-45F6-A57F-5ABD9991F28F}") = "ADS7.Converted", "..\C#.ConvertedToVBNet\ADS7.Converted.vbproj", "{FBD22FD6-3983-4BE0-A9E7-A2E14E401BD2}"
EndProject
Global
	GlobalSection(SolutionConfigurationPlatforms) = preSolution
		Debug|Any CPU = Debug|Any CPU
		Release|Any CPU = Release|Any CPU
	EndGlobalSection
	GlobalSection(ProjectConfigurationPlatforms) = postSolution
		{4CABB052-3277-491D-88AD-B77B87280621}.Debug|Any CPU.ActiveCfg = Debug|Any CPU
		{4CABB052-3277-491D-88AD-B77B87280621}.Debug|Any CPU.Build.0 = Debug|Any CPU
		{4CABB052-3277-491D-88AD-B77B87280621}.Release|Any CPU.ActiveCfg = Release|Any CPU
		{4CABB052-3277-491D-88AD-B77B87280621}.Release|Any CPU.Build.0 = Release|Any CPU
		{FBD22FD6-3983-4BE0-A9E7-A2E14E401BD2}.Debug|Any CPU.Build.0 = Debug|Any CPU
		{FBD22FD6-3983-4BE0-A9E7-A2E14E401BD2}.Debug|Any CPU.ActiveCfg = Debug|Any CPU
		{FBD22FD6-3983-4BE0-A9E7-A2E14E401BD2}.Release|Any CPU.Build.0 = Release|Any CPU
		{FBD22FD6-3983-4BE0-A9E7-A2E14E401BD2}.Release|Any CPU.ActiveCfg = Release|Any CPU
	EndGlobalSection
	GlobalSection(SolutionProperties) = preSolution
		HideSolutionNode = FALSE
	EndGlobalSection
EndGlobal
