
Microsoft Visual Studio Solution File, Format Version 11.00
# Visual Studio 2010
Project("{F184B08F-C81C-45F6-A57F-5ABD9991F28F}") = "ExecSSISPackage", "ExecSSISPackage.vbproj", "{502E36A2-0996-4854-A0F6-42A2967C9753}"
EndProject
Global
	GlobalSection(SolutionConfigurationPlatforms) = preSolution
		Debug|x86 = Debug|x86
		Release|x86 = Release|x86
	EndGlobalSection
	GlobalSection(ProjectConfigurationPlatforms) = postSolution
		{502E36A2-0996-4854-A0F6-42A2967C9753}.Debug|x86.ActiveCfg = Debug|x86
		{502E36A2-0996-4854-A0F6-42A2967C9753}.Debug|x86.Build.0 = Debug|x86
		{502E36A2-0996-4854-A0F6-42A2967C9753}.Release|x86.ActiveCfg = Release|x86
		{502E36A2-0996-4854-A0F6-42A2967C9753}.Release|x86.Build.0 = Release|x86
	EndGlobalSection
	GlobalSection(SolutionProperties) = preSolution
		HideSolutionNode = FALSE
	EndGlobalSection
EndGlobal
